
Microsoft Visual Studio Solution File, Format Version 12.00
# Visual Studio 15
VisualStudioVersion = 15.0.27004.2002
MinimumVisualStudioVersion = 10.0.40219.1
Project("{FAE04EC0-301F-11D3-BF4B-00C04F79EFBC}") = "Sandragil", "Sandragil\Sandragil.csproj", "{3ECB8BD3-2BDB-46EB-AB04-07B0FAB912F5}"
EndProject
Global
	GlobalSection(SolutionConfigurationPlatforms) = preSolution
		Debug|Any CPU = Debug|Any CPU
		Release|Any CPU = Release|Any CPU
	EndGlobalSection
	GlobalSection(ProjectConfigurationPlatforms) = postSolution
		{3ECB8BD3-2BDB-46EB-AB04-07B0FAB912F5}.Debug|Any CPU.ActiveCfg = Debug|Any CPU
		{3ECB8BD3-2BDB-46EB-AB04-07B0FAB912F5}.Debug|Any CPU.Build.0 = Debug|Any CPU
		{3ECB8BD3-2BDB-46EB-AB04-07B0FAB912F5}.Release|Any CPU.ActiveCfg = Release|Any CPU
		{3ECB8BD3-2BDB-46EB-AB04-07B0FAB912F5}.Release|Any CPU.Build.0 = Release|Any CPU
	EndGlobalSection
	GlobalSection(SolutionProperties) = preSolution
		HideSolutionNode = FALSE
	EndGlobalSection
	GlobalSection(ExtensibilityGlobals) = postSolution
		SolutionGuid = {18ECC567-D467-43C2-8EEB-C95A070044A5}
	EndGlobalSection
EndGlobal
